Microsoft Visual Studio Solution File, Format Version 12.00
# Visual Studio Version 17
VisualStudioVersion = 17.5.2.0
MinimumVisualStudioVersion = 10.0.40219.1
Project("{FAE04EC0-301F-11D3-BF4B-00C04F79EFBC}") = "analyze", "analyze\analyze.csproj", "{7BC0EDEA-1853-B5CC-D82F-8C40F9B62CB2}"
EndProject
Project("{FAE04EC0-301F-11D3-BF4B-00C04F79EFBC}") = "code", "code\code.csproj", "{FC2000A9-68F3-1142-BCB6-42812CE56025}"
EndProject
Project("{FAE04EC0-301F-11D3-BF4B-00C04F79EFBC}") = "teach", "teach\teach.csproj", "{ACDC374C-3E96-AC73-AC8B-56483CA40503}"
EndProject
Global
	GlobalSection(SolutionConfigurationPlatforms) = preSolution
		Debug|Any CPU = Debug|Any CPU
		Release|Any CPU = Release|Any CPU
	EndGlobalSection
	GlobalSection(ProjectConfigurationPlatforms) = postSolution
		{7BC0EDEA-1853-B5CC-D82F-8C40F9B62CB2}.Debug|Any CPU.ActiveCfg = Debug|Any CPU
		{7BC0EDEA-1853-B5CC-D82F-8C40F9B62CB2}.Debug|Any CPU.Build.0 = Debug|Any CPU
		{7BC0EDEA-1853-B5CC-D82F-8C40F9B62CB2}.Release|Any CPU.ActiveCfg = Release|Any CPU
		{7BC0EDEA-1853-B5CC-D82F-8C40F9B62CB2}.Release|Any CPU.Build.0 = Release|Any CPU
		{FC2000A9-68F3-1142-BCB6-42812CE56025}.Debug|Any CPU.ActiveCfg = Debug|Any CPU
		{FC2000A9-68F3-1142-BCB6-42812CE56025}.Debug|Any CPU.Build.0 = Debug|Any CPU
		{FC2000A9-68F3-1142-BCB6-42812CE56025}.Release|Any CPU.ActiveCfg = Release|Any CPU
		{FC2000A9-68F3-1142-BCB6-42812CE56025}.Release|Any CPU.Build.0 = Release|Any CPU
		{ACDC374C-3E96-AC73-AC8B-56483CA40503}.Debug|Any CPU.ActiveCfg = Debug|Any CPU
		{ACDC374C-3E96-AC73-AC8B-56483CA40503}.Debug|Any CPU.Build.0 = Debug|Any CPU
		{ACDC374C-3E96-AC73-AC8B-56483CA40503}.Release|Any CPU.ActiveCfg = Release|Any CPU
		{ACDC374C-3E96-AC73-AC8B-56483CA40503}.Release|Any CPU.Build.0 = Release|Any CPU
	EndGlobalSection
	GlobalSection(SolutionProperties) = preSolution
		HideSolutionNode = FALSE
	EndGlobalSection
	GlobalSection(ExtensibilityGlobals) = postSolution
		SolutionGuid = {F031A292-0DCB-471F-9959-D9BE5BE3E5F8}
	EndGlobalSection
EndGlobal
